
Microsoft Visual Studio Solution File, Format Version 12.00
# Visual Studio Version 16
VisualStudioVersion = 16.0.29728.190
MinimumVisualStudioVersion = 10.0.40219.1
Project("{FAE04EC0-301F-11D3-BF4B-00C04F79EFBC}") = "WindowsFormsApp4", "WindowsFormsApp4\WindowsFormsApp4.csproj", "{5A1ACDC3-FF2D-4923-876B-32957A80F9DA}"
EndProject
Global
	GlobalSection(SolutionConfigurationPlatforms) = preSolution
		Debug|Any CPU = Debug|Any CPU
		Release|Any CPU = Release|Any CPU
	EndGlobalSection
	GlobalSection(ProjectConfigurationPlatforms) = postSolution
		{5A1ACDC3-FF2D-4923-876B-32957A80F9DA}.Debug|Any CPU.ActiveCfg = Debug|Any CPU
		{5A1ACDC3-FF2D-4923-876B-32957A80F9DA}.Debug|Any CPU.Build.0 = Debug|Any CPU
		{5A1ACDC3-FF2D-4923-876B-32957A80F9DA}.Release|Any CPU.ActiveCfg = Release|Any CPU
		{5A1ACDC3-FF2D-4923-876B-32957A80F9DA}.Release|Any CPU.Build.0 = Release|Any CPU
	EndGlobalSection
	GlobalSection(SolutionProperties) = preSolution
		HideSolutionNode = FALSE
	EndGlobalSection
	GlobalSection(ExtensibilityGlobals) = postSolution
		SolutionGuid = {FE9179E6-D618-49BF-9BCC-454A2207E9C7}
	EndGlobalSection
EndGlobal
